// !$*UTF8*$!
{
	archiveVersion = 1;
	classes = {
	};
	objectVersion = 46;
	objects = {

/* Begin PBXBuildFile section */
		940E8E681908F8AD00C35708 /* HALJournal.m in Sources */ = {isa = PBXBuildFile; fileRef = 940E8E671908F8AD00C35708 /* HALJournal.m */; };
		940E8E6B1908F8C600C35708 /* HALJournalRecord.m in Sources */ = {isa = PBXBuildFile; fileRef = 940E8E6A1908F8C600C35708 /* HALJournalRecord.m */; };
		940E8E71190906EF00C35708 /* HALJournalView.m in Sources */ = {isa = PBXBuildFile; fileRef = 940E8E70190906EF00C35708 /* HALJournalView.m */; };
		940E8E7419094EC100C35708 /* HALJournalViewCell.m in Sources */ = {isa = PBXBuildFile; fileRef = 940E8E7319094EC100C35708 /* HALJournalViewCell.m */; };
		940E8E7719099C2100C35708 /* HALJournalPage.m in Sources */ = {isa = PBXBuildFile; fileRef = 940E8E7619099C2100C35708 /* HALJournalPage.m */; };
		940F31DC18EB3BB70024504B /* LED-off.png in Resources */ = {isa = PBXBuildFile; fileRef = 940F31DA18EB3BB70024504B /* LED-off.png */; };
		940F31DD18EB3BB70024504B /* LED-on.png in Resources */ = {isa = PBXBuildFile; fileRef = 940F31DB18EB3BB70024504B /* LED-on.png */; };
		940F31DF18EB438C0024504B /* LED-panel.png in Resources */ = {isa = PBXBuildFile; fileRef = 940F31DE18EB438C0024504B /* LED-panel.png */; };
		94160FD0190C3E31003A6C25 /* Journal-DeleteButton.png in Resources */ = {isa = PBXBuildFile; fileRef = 94160FCE190C3E31003A6C25 /* Journal-DeleteButton.png */; };
		94160FD1190C3E31003A6C25 /* Journal-DeleteButton@2x.png in Resources */ = {isa = PBXBuildFile; fileRef = 94160FCF190C3E31003A6C25 /* Journal-DeleteButton@2x.png */; };
		941E89081907B4B800B0ADE1 /* HALBrain.m in Sources */ = {isa = PBXBuildFile; fileRef = 941E89071907B4B800B0ADE1 /* HALBrain.m */; };
		94334ABC18C51A8900ABF214 /* Foundation.framework in Frameworks */ = {isa = PBXBuildFile; fileRef = 94334ABB18C51A8900ABF214 /* Foundation.framework */; };
		94334ABE18C51A8900ABF214 /* CoreGraphics.framework in Frameworks */ = {isa = PBXBuildFile; fileRef = 94334ABD18C51A8900ABF214 /* CoreGraphics.framework */; settings = {ATTRIBUTES = (Required, ); }; };
		94334AC018C51A8900ABF214 /* UIKit.framework in Frameworks */ = {isa = PBXBuildFile; fileRef = 94334ABF18C51A8900ABF214 /* UIKit.framework */; };
		94334AC618C51A8900ABF214 /* InfoPlist.strings in Resources */ = {isa = PBXBuildFile; fileRef = 94334AC418C51A8900ABF214 /* InfoPlist.strings */; };
		94334AC818C51A8A00ABF214 /* main.m in Sources */ = {isa = PBXBuildFile; fileRef = 94334AC718C51A8A00ABF214 /* main.m */; };
		94334ACC18C51A8A00ABF214 /* HALApplicationDelegate.m in Sources */ = {isa = PBXBuildFile; fileRef = 94334ACB18C51A8A00ABF214 /* HALApplicationDelegate.m */; };
		94334AD518C51A8A00ABF214 /* HALMainViewController.m in Sources */ = {isa = PBXBuildFile; fileRef = 94334AD418C51A8A00ABF214 /* HALMainViewController.m */; };
		94334AD718C51A8A00ABF214 /* Images.xcassets in Resources */ = {isa = PBXBuildFile; fileRef = 94334AD618C51A8A00ABF214 /* Images.xcassets */; };
		94334ADE18C51A8A00ABF214 /* XCTest.framework in Frameworks */ = {isa = PBXBuildFile; fileRef = 94334ADD18C51A8A00ABF214 /* XCTest.framework */; };
		94334ADF18C51A8A00ABF214 /* Foundation.framework in Frameworks */ = {isa = PBXBuildFile; fileRef = 94334ABB18C51A8900ABF214 /* Foundation.framework */; };
		94334AE018C51A8A00ABF214 /* UIKit.framework in Frameworks */ = {isa = PBXBuildFile; fileRef = 94334ABF18C51A8900ABF214 /* UIKit.framework */; };
		94334AE818C51A8A00ABF214 /* InfoPlist.strings in Resources */ = {isa = PBXBuildFile; fileRef = 94334AE618C51A8A00ABF214 /* InfoPlist.strings */; };
		94334AEA18C51A8A00ABF214 /* NumeracyTests.m in Sources */ = {isa = PBXBuildFile; fileRef = 94334AE918C51A8A00ABF214 /* NumeracyTests.m */; };
		94334AF818C51B1800ABF214 /* HALButton.m in Sources */ = {isa = PBXBuildFile; fileRef = 94334AF718C51B1800ABF214 /* HALButton.m */; };
		94334AFE18C6332100ABF214 /* HALDisplay.m in Sources */ = {isa = PBXBuildFile; fileRef = 94334AFD18C6332100ABF214 /* HALDisplay.m */; };
		94334B0118C6580F00ABF214 /* HALDigitButton.m in Sources */ = {isa = PBXBuildFile; fileRef = 94334B0018C6580F00ABF214 /* HALDigitButton.m */; };
		94334B0418C8EBD400ABF214 /* HALSpecialButton.m in Sources */ = {isa = PBXBuildFile; fileRef = 94334B0318C8EBD400ABF214 /* HALSpecialButton.m */; };
		944EF26018ED40B20047E519 /* DisplayCordus.png in Resources */ = {isa = PBXBuildFile; fileRef = 944EF25E18ED40B20047E519 /* DisplayCordus.png */; };
		944EF26118ED40B20047E519 /* DisplayPrimus.png in Resources */ = {isa = PBXBuildFile; fileRef = 944EF25F18ED40B20047E519 /* DisplayPrimus.png */; };
		947FF47D18CD9DC900E6DE03 /* HALDisplayLED.m in Sources */ = {isa = PBXBuildFile; fileRef = 947FF47C18CD9DC900E6DE03 /* HALDisplayLED.m */; };
/* End PBXBuildFile section */

/* Begin PBXContainerItemProxy section */
		94334AE118C51A8A00ABF214 /* PBXContainerItemProxy */ = {
			isa = PBXContainerItemProxy;
			containerPortal = 94334AB018C51A8900ABF214 /* Project object */;
			proxyType = 1;
			remoteGlobalIDString = 94334AB718C51A8900ABF214;
			remoteInfo = Numeracy;
		};
/* End PBXContainerItemProxy section */

/* Begin PBXFileReference section */
		940E8E661908F8AD00C35708 /* HALJournal.h */ = {isa = PBXFileReference; fileEncoding = 4; lastKnownFileType = sourcecode.c.h; path = HALJournal.h; sourceTree = "<group>"; };
		940E8E671908F8AD00C35708 /* HALJournal.m */ = {isa = PBXFileReference; fileEncoding = 4; lastKnownFileType = sourcecode.c.objc; path = HALJournal.m; sourceTree = "<group>"; };
		940E8E691908F8C600C35708 /* HALJournalRecord.h */ = {isa = PBXFileReference; fileEncoding = 4; lastKnownFileType = sourcecode.c.h; path = HALJournalRecord.h; sourceTree = "<group>"; };
		940E8E6A1908F8C600C35708 /* HALJournalRecord.m */ = {isa = PBXFileReference; fileEncoding = 4; lastKnownFileType = sourcecode.c.objc; path = HALJournalRecord.m; sourceTree = "<group>"; };
		940E8E6F190906EF00C35708 /* HALJournalView.h */ = {isa = PBXFileReference; fileEncoding = 4; lastKnownFileType = sourcecode.c.h; path = HALJournalView.h; sourceTree = "<group>"; };
		940E8E70190906EF00C35708 /* HALJournalView.m */ = {isa = PBXFileReference; fileEncoding = 4; lastKnownFileType = sourcecode.c.objc; path = HALJournalView.m; sourceTree = "<group>"; };
		940E8E7219094EC100C35708 /* HALJournalViewCell.h */ = {isa = PBXFileReference; fileEncoding = 4; lastKnownFileType = sourcecode.c.h; path = HALJournalViewCell.h; sourceTree = "<group>"; };
		940E8E7319094EC100C35708 /* HALJournalViewCell.m */ = {isa = PBXFileReference; fileEncoding = 4; lastKnownFileType = sourcecode.c.objc; path = HALJournalViewCell.m; sourceTree = "<group>"; };
		940E8E7519099C2100C35708 /* HALJournalPage.h */ = {isa = PBXFileReference; fileEncoding = 4; lastKnownFileType = sourcecode.c.h; path = HALJournalPage.h; sourceTree = "<group>"; };
		940E8E7619099C2100C35708 /* HALJournalPage.m */ = {isa = PBXFileReference; fileEncoding = 4; lastKnownFileType = sourcecode.c.objc; path = HALJournalPage.m; sourceTree = "<group>"; };
		940F31DA18EB3BB70024504B /* LED-off.png */ = {isa = PBXFileReference; lastKnownFileType = image.png; name = "LED-off.png"; path = "../../Images/LED-off.png"; sourceTree = "<group>"; };
		940F31DB18EB3BB70024504B /* LED-on.png */ = {isa = PBXFileReference; lastKnownFileType = image.png; name = "LED-on.png"; path = "../../Images/LED-on.png"; sourceTree = "<group>"; };
		940F31DE18EB438C0024504B /* LED-panel.png */ = {isa = PBXFileReference; lastKnownFileType = image.png; name = "LED-panel.png"; path = "../../Images/LED-panel.png"; sourceTree = "<group>"; };
		94160FCE190C3E31003A6C25 /* Journal-DeleteButton.png */ = {isa = PBXFileReference; lastKnownFileType = image.png; name = "Journal-DeleteButton.png"; path = "../../Images/Journal-DeleteButton.png"; sourceTree = "<group>"; };
		94160FCF190C3E31003A6C25 /* Journal-DeleteButton@2x.png */ = {isa = PBXFileReference; lastKnownFileType = image.png; name = "Journal-DeleteButton@2x.png"; path = "../../Images/Journal-DeleteButton@2x.png"; sourceTree = "<group>"; };
		941E89061907B4B800B0ADE1 /* HALBrain.h */ = {isa = PBXFileReference; fileEncoding = 4; lastKnownFileType = sourcecode.c.h; path = HALBrain.h; sourceTree = "<group>"; };
		941E89071907B4B800B0ADE1 /* HALBrain.m */ = {isa = PBXFileReference; fileEncoding = 4; lastKnownFileType = sourcecode.c.objc; path = HALBrain.m; sourceTree = "<group>"; };
		94334AB818C51A8900ABF214 /* Numeracy.app */ = {isa = PBXFileReference; explicitFileType = wrapper.application; includeInIndex = 0; path = Numeracy.app; sourceTree = BUILT_PRODUCTS_DIR; };
		94334ABB18C51A8900ABF214 /* Foundation.framework */ = {isa = PBXFileReference; lastKnownFileType = wrapper.framework; name = Foundation.framework; path = System/Library/Frameworks/Foundation.framework; sourceTree = SDKROOT; };
		94334ABD18C51A8900ABF214 /* CoreGraphics.framework */ = {isa = PBXFileReference; lastKnownFileType = wrapper.framework; name = CoreGraphics.framework; path = System/Library/Frameworks/CoreGraphics.framework; sourceTree = SDKROOT; };
		94334ABF18C51A8900ABF214 /* UIKit.framework */ = {isa = PBXFileReference; lastKnownFileType = wrapper.framework; name = UIKit.framework; path = System/Library/Frameworks/UIKit.framework; sourceTree = SDKROOT; };
		94334AC318C51A8900ABF214 /* Numeracy-Info.plist */ = {isa = PBXFileReference; lastKnownFileType = text.plist.xml; path = "Numeracy-Info.plist"; sourceTree = "<group>"; };
		94334AC518C51A8900ABF214 /* en */ = {isa = PBXFileReference; lastKnownFileType = text.plist.strings; name = en; path = en.lproj/InfoPlist.strings; sourceTree = "<group>"; };
		94334AC718C51A8A00ABF214 /* main.m */ = {isa = PBXFileReference; lastKnownFileType = sourcecode.c.objc; path = main.m; sourceTree = "<group>"; };
		94334AC918C51A8A00ABF214 /* Numeracy-Prefix.pch */ = {isa = PBXFileReference; lastKnownFileType = sourcecode.c.h; path = "Numeracy-Prefix.pch"; sourceTree = "<group>"; };
		94334ACA18C51A8A00ABF214 /* HALApplicationDelegate.h */ = {isa = PBXFileReference; lastKnownFileType = sourcecode.c.h; path = HALApplicationDelegate.h; sourceTree = "<group>"; };
		94334ACB18C51A8A00ABF214 /* HALApplicationDelegate.m */ = {isa = PBXFileReference; lastKnownFileType = sourcecode.c.objc; path = HALApplicationDelegate.m; sourceTree = "<group>"; };
		94334AD318C51A8A00ABF214 /* HALMainViewController.h */ = {isa = PBXFileReference; lastKnownFileType = sourcecode.c.h; path = HALMainViewController.h; sourceTree = "<group>"; };
		94334AD418C51A8A00ABF214 /* HALMainViewController.m */ = {isa = PBXFileReference; lastKnownFileType = sourcecode.c.objc; path = HALMainViewController.m; sourceTree = "<group>"; };
		94334AD618C51A8A00ABF214 /* Images.xcassets */ = {isa = PBXFileReference; lastKnownFileType = folder.assetcatalog; path = Images.xcassets; sourceTree = "<group>"; };
		94334ADC18C51A8A00ABF214 /* NumeracyTests.xctest */ = {isa = PBXFileReference; explicitFileType = wrapper.cfbundle; includeInIndex = 0; path = NumeracyTests.xctest; sourceTree = BUILT_PRODUCTS_DIR; };
		94334ADD18C51A8A00ABF214 /* XCTest.framework */ = {isa = PBXFileReference; lastKnownFileType = wrapper.framework; name = XCTest.framework; path = Library/Frameworks/XCTest.framework; sourceTree = DEVELOPER_DIR; };
		94334AE518C51A8A00ABF214 /* NumeracyTests-Info.plist */ = {isa = PBXFileReference; lastKnownFileType = text.plist.xml; path = "NumeracyTests-Info.plist"; sourceTree = "<group>"; };
		94334AE718C51A8A00ABF214 /* en */ = {isa = PBXFileReference; lastKnownFileType = text.plist.strings; name = en; path = en.lproj/InfoPlist.strings; sourceTree = "<group>"; };
		94334AE918C51A8A00ABF214 /* NumeracyTests.m */ = {isa = PBXFileReference; lastKnownFileType = sourcecode.c.objc; path = NumeracyTests.m; sourceTree = "<group>"; };
		94334AF618C51B1800ABF214 /* HALButton.h */ = {isa = PBXFileReference; fileEncoding = 4; lastKnownFileType = sourcecode.c.h; path = HALButton.h; sourceTree = "<group>"; };
		94334AF718C51B1800ABF214 /* HALButton.m */ = {isa = PBXFileReference; fileEncoding = 4; lastKnownFileType = sourcecode.c.objc; path = HALButton.m; sourceTree = "<group>"; };
		94334AFC18C6332100ABF214 /* HALDisplay.h */ = {isa = PBXFileReference; fileEncoding = 4; lastKnownFileType = sourcecode.c.h; path = HALDisplay.h; sourceTree = "<group>"; };
		94334AFD18C6332100ABF214 /* HALDisplay.m */ = {isa = PBXFileReference; fileEncoding = 4; lastKnownFileType = sourcecode.c.objc; path = HALDisplay.m; sourceTree = "<group>"; };
		94334AFF18C6580F00ABF214 /* HALDigitButton.h */ = {isa = PBXFileReference; fileEncoding = 4; lastKnownFileType = sourcecode.c.h; path = HALDigitButton.h; sourceTree = "<group>"; };
		94334B0018C6580F00ABF214 /* HALDigitButton.m */ = {isa = PBXFileReference; fileEncoding = 4; lastKnownFileType = sourcecode.c.objc; path = HALDigitButton.m; sourceTree = "<group>"; };
		94334B0218C8EBD400ABF214 /* HALSpecialButton.h */ = {isa = PBXFileReference; fileEncoding = 4; lastKnownFileType = sourcecode.c.h; path = HALSpecialButton.h; sourceTree = "<group>"; };
		94334B0318C8EBD400ABF214 /* HALSpecialButton.m */ = {isa = PBXFileReference; fileEncoding = 4; lastKnownFileType = sourcecode.c.objc; path = HALSpecialButton.m; sourceTree = "<group>"; };
		944EF25E18ED40B20047E519 /* DisplayCordus.png */ = {isa = PBXFileReference; lastKnownFileType = image.png; name = DisplayCordus.png; path = ../../Images/DisplayCordus.png; sourceTree = "<group>"; };
		944EF25F18ED40B20047E519 /* DisplayPrimus.png */ = {isa = PBXFileReference; lastKnownFileType = image.png; name = DisplayPrimus.png; path = ../../Images/DisplayPrimus.png; sourceTree = "<group>"; };
		947FF47B18CD9DC900E6DE03 /* HALDisplayLED.h */ = {isa = PBXFileReference; fileEncoding = 4; lastKnownFileType = sourcecode.c.h; path = HALDisplayLED.h; sourceTree = "<group>"; };
		947FF47C18CD9DC900E6DE03 /* HALDisplayLED.m */ = {isa = PBXFileReference; fileEncoding = 4; lastKnownFileType = sourcecode.c.objc; path = HALDisplayLED.m; sourceTree = "<group>"; };
/* End PBXFileReference section */

/* Begin PBXFrameworksBuildPhase section */
		94334AB518C51A8900ABF214 /* Frameworks */ = {
			isa = PBXFrameworksBuildPhase;
			buildActionMask = 2147483647;
			files = (
				94334ABE18C51A8900ABF214 /* CoreGraphics.framework in Frameworks */,
				94334AC018C51A8900ABF214 /* UIKit.framework in Frameworks */,
				94334ABC18C51A8900ABF214 /* Foundation.framework in Frameworks */,
			);
			runOnlyForDeploymentPostprocessing = 0;
		};
		94334AD918C51A8A00ABF214 /* Frameworks */ = {
			isa = PBXFrameworksBuildPhase;
			buildActionMask = 2147483647;
			files = (
				94334ADE18C51A8A00ABF214 /* XCTest.framework in Frameworks */,
				94334AE018C51A8A00ABF214 /* UIKit.framework in Frameworks */,
				94334ADF18C51A8A00ABF214 /* Foundation.framework in Frameworks */,
			);
			runOnlyForDeploymentPostprocessing = 0;
		};
/* End PBXFrameworksBuildPhase section */

/* Begin PBXGroup section */
		94160FCD190C3E1C003A6C25 /* Images */ = {
			isa = PBXGroup;
			children = (
				944EF25F18ED40B20047E519 /* DisplayPrimus.png */,
				944EF25E18ED40B20047E519 /* DisplayCordus.png */,
				940F31DE18EB438C0024504B /* LED-panel.png */,
				940F31DA18EB3BB70024504B /* LED-off.png */,
				940F31DB18EB3BB70024504B /* LED-on.png */,
				94160FCE190C3E31003A6C25 /* Journal-DeleteButton.png */,
				94160FCF190C3E31003A6C25 /* Journal-DeleteButton@2x.png */,
			);
			name = Images;
			sourceTree = "<group>";
		};
		94334AAF18C51A8900ABF214 = {
			isa = PBXGroup;
			children = (
				94334AC118C51A8900ABF214 /* Numeracy */,
				94334AE318C51A8A00ABF214 /* NumeracyTests */,
				94334ABA18C51A8900ABF214 /* Frameworks */,
				94334AB918C51A8900ABF214 /* Products */,
			);
			sourceTree = "<group>";
		};
		94334AB918C51A8900ABF214 /* Products */ = {
			isa = PBXGroup;
			children = (
				94334AB818C51A8900ABF214 /* Numeracy.app */,
				94334ADC18C51A8A00ABF214 /* NumeracyTests.xctest */,
			);
			name = Products;
			sourceTree = "<group>";
		};
		94334ABA18C51A8900ABF214 /* Frameworks */ = {
			isa = PBXGroup;
			children = (
				94334ABB18C51A8900ABF214 /* Foundation.framework */,
				94334ABD18C51A8900ABF214 /* CoreGraphics.framework */,
				94334ABF18C51A8900ABF214 /* UIKit.framework */,
				94334ADD18C51A8A00ABF214 /* XCTest.framework */,
			);
			name = Frameworks;
			sourceTree = "<group>";
		};
		94334AC118C51A8900ABF214 /* Numeracy */ = {
			isa = PBXGroup;
			children = (
				94334ACA18C51A8A00ABF214 /* HALApplicationDelegate.h */,
				94334ACB18C51A8A00ABF214 /* HALApplicationDelegate.m */,
				941E89061907B4B800B0ADE1 /* HALBrain.h */,
				941E89071907B4B800B0ADE1 /* HALBrain.m */,
				940E8E661908F8AD00C35708 /* HALJournal.h */,
				940E8E671908F8AD00C35708 /* HALJournal.m */,
				940E8E7519099C2100C35708 /* HALJournalPage.h */,
				940E8E7619099C2100C35708 /* HALJournalPage.m */,
				940E8E691908F8C600C35708 /* HALJournalRecord.h */,
				940E8E6A1908F8C600C35708 /* HALJournalRecord.m */,
				94334AD318C51A8A00ABF214 /* HALMainViewController.h */,
				94334AD418C51A8A00ABF214 /* HALMainViewController.m */,
				94334AFC18C6332100ABF214 /* HALDisplay.h */,
				94334AFD18C6332100ABF214 /* HALDisplay.m */,
				947FF47B18CD9DC900E6DE03 /* HALDisplayLED.h */,
				947FF47C18CD9DC900E6DE03 /* HALDisplayLED.m */,
				94334AF618C51B1800ABF214 /* HALButton.h */,
				94334AF718C51B1800ABF214 /* HALButton.m */,
				94334AFF18C6580F00ABF214 /* HALDigitButton.h */,
				94334B0018C6580F00ABF214 /* HALDigitButton.m */,
				94334B0218C8EBD400ABF214 /* HALSpecialButton.h */,
				94334B0318C8EBD400ABF214 /* HALSpecialButton.m */,
				940E8E6F190906EF00C35708 /* HALJournalView.h */,
				940E8E70190906EF00C35708 /* HALJournalView.m */,
				940E8E7219094EC100C35708 /* HALJournalViewCell.h */,
				940E8E7319094EC100C35708 /* HALJournalViewCell.m */,
				94334AD618C51A8A00ABF214 /* Images.xcassets */,
				94334AC218C51A8900ABF214 /* Supporting Files */,
			);
			path = Numeracy;
			sourceTree = "<group>";
		};
		94334AC218C51A8900ABF214 /* Supporting Files */ = {
			isa = PBXGroup;
			children = (
				94160FCD190C3E1C003A6C25 /* Images */,
				94334AC318C51A8900ABF214 /* Numeracy-Info.plist */,
				94334AC418C51A8900ABF214 /* InfoPlist.strings */,
				94334AC718C51A8A00ABF214 /* main.m */,
				94334AC918C51A8A00ABF214 /* Numeracy-Prefix.pch */,
			);
			name = "Supporting Files";
			sourceTree = "<group>";
		};
		94334AE318C51A8A00ABF214 /* NumeracyTests */ = {
			isa = PBXGroup;
			children = (
				94334AE918C51A8A00ABF214 /* NumeracyTests.m */,
				94334AE418C51A8A00ABF214 /* Supporting Files */,
			);
			path = NumeracyTests;
			sourceTree = "<group>";
		};
		94334AE418C51A8A00ABF214 /* Supporting Files */ = {
			isa = PBXGroup;
			children = (
				94334AE518C51A8A00ABF214 /* NumeracyTests-Info.plist */,
				94334AE618C51A8A00ABF214 /* InfoPlist.strings */,
			);
			name = "Supporting Files";
			sourceTree = "<group>";
		};
/* End PBXGroup section */

/* Begin PBXNativeTarget section */
		94334AB718C51A8900ABF214 /* Numeracy */ = {
			isa = PBXNativeTarget;
			buildConfigurationList = 94334AED18C51A8A00ABF214 /* Build configuration list for PBXNativeTarget "Numeracy" */;
			buildPhases = (
				94334AB418C51A8900ABF214 /* Sources */,
				94334AB518C51A8900ABF214 /* Frameworks */,
				94334AB618C51A8900ABF214 /* Resources */,
			);
			buildRules = (
			);
			dependencies = (
			);
			name = Numeracy;
			productName = Numeracy;
			productReference = 94334AB818C51A8900ABF214 /* Numeracy.app */;
			productType = "com.apple.product-type.application";
		};
		94334ADB18C51A8A00ABF214 /* NumeracyTests */ = {
			isa = PBXNativeTarget;
			buildConfigurationList = 94334AF018C51A8A00ABF214 /* Build configuration list for PBXNativeTarget "NumeracyTests" */;
			buildPhases = (
				94334AD818C51A8A00ABF214 /* Sources */,
				94334AD918C51A8A00ABF214 /* Frameworks */,
				94334ADA18C51A8A00ABF214 /* Resources */,
			);
			buildRules = (
			);
			dependencies = (
				94334AE218C51A8A00ABF214 /* PBXTargetDependency */,
			);
			name = NumeracyTests;
			productName = NumeracyTests;
			productReference = 94334ADC18C51A8A00ABF214 /* NumeracyTests.xctest */;
			productType = "com.apple.product-type.bundle.unit-test";
		};
/* End PBXNativeTarget section */

/* Begin PBXProject section */
		94334AB018C51A8900ABF214 /* Project object */ = {
			isa = PBXProject;
			attributes = {
				CLASSPREFIX = HAL;
				LastUpgradeCheck = 0510;
				ORGANIZATIONNAME = "Maxim Shchetynin";
				TargetAttributes = {
					94334AB718C51A8900ABF214 = {
						DevelopmentTeam = KN3H69T969;
					};
					94334ADB18C51A8A00ABF214 = {
						TestTargetID = 94334AB718C51A8900ABF214;
					};
				};
			};
			buildConfigurationList = 94334AB318C51A8900ABF214 /* Build configuration list for PBXProject "Numeracy" */;
			compatibilityVersion = "Xcode 3.2";
			developmentRegion = English;
			hasScannedForEncodings = 0;
			knownRegions = (
				en,
				Base,
			);
			mainGroup = 94334AAF18C51A8900ABF214;
			productRefGroup = 94334AB918C51A8900ABF214 /* Products */;
			projectDirPath = "";
			projectRoot = "";
			targets = (
				94334AB718C51A8900ABF214 /* Numeracy */,
				94334ADB18C51A8A00ABF214 /* NumeracyTests */,
			);
		};
/* End PBXProject section */

/* Begin PBXResourcesBuildPhase section */
		94334AB618C51A8900ABF214 /* Resources */ = {
			isa = PBXResourcesBuildPhase;
			buildActionMask = 2147483647;
			files = (
				940F31DD18EB3BB70024504B /* LED-on.png in Resources */,
				940F31DF18EB438C0024504B /* LED-panel.png in Resources */,
				94160FD0190C3E31003A6C25 /* Journal-DeleteButton.png in Resources */,
				944EF26018ED40B20047E519 /* DisplayCordus.png in Resources */,
				94334AD718C51A8A00ABF214 /* Images.xcassets in Resources */,
				940F31DC18EB3BB70024504B /* LED-off.png in Resources */,
				944EF26118ED40B20047E519 /* DisplayPrimus.png in Resources */,
				94334AC618C51A8900ABF214 /* InfoPlist.strings in Resources */,
				94160FD1190C3E31003A6C25 /* Journal-DeleteButton@2x.png in Resources */,
			);
			runOnlyForDeploymentPostprocessing = 0;
		};
		94334ADA18C51A8A00ABF214 /* Resources */ = {
			isa = PBXResourcesBuildPhase;
			buildActionMask = 2147483647;
			files = (
				94334AE818C51A8A00ABF214 /* InfoPlist.strings in Resources */,
			);
			runOnlyForDeploymentPostprocessing = 0;
		};
/* End PBXResourcesBuildPhase section */

/* Begin PBXSourcesBuildPhase section */
		94334AB418C51A8900ABF214 /* Sources */ = {
			isa = PBXSourcesBuildPhase;
			buildActionMask = 2147483647;
			files = (
				940E8E6B1908F8C600C35708 /* HALJournalRecord.m in Sources */,
				940E8E7419094EC100C35708 /* HALJournalViewCell.m in Sources */,
				941E89081907B4B800B0ADE1 /* HALBrain.m in Sources */,
				940E8E681908F8AD00C35708 /* HALJournal.m in Sources */,
				94334B0118C6580F00ABF214 /* HALDigitButton.m in Sources */,
				94334B0418C8EBD400ABF214 /* HALSpecialButton.m in Sources */,
				94334AF818C51B1800ABF214 /* HALButton.m in Sources */,
				940E8E71190906EF00C35708 /* HALJournalView.m in Sources */,
				940E8E7719099C2100C35708 /* HALJournalPage.m in Sources */,
				947FF47D18CD9DC900E6DE03 /* HALDisplayLED.m in Sources */,
				94334ACC18C51A8A00ABF214 /* HALApplicationDelegate.m in Sources */,
				94334AC818C51A8A00ABF214 /* main.m in Sources */,
				94334AFE18C6332100ABF214 /* HALDisplay.m in Sources */,
				94334AD518C51A8A00ABF214 /* HALMainViewController.m in Sources */,
			);
			runOnlyForDeploymentPostprocessing = 0;
		};
		94334AD818C51A8A00ABF214 /* Sources */ = {
			isa = PBXSourcesBuildPhase;
			buildActionMask = 2147483647;
			files = (
				94334AEA18C51A8A00ABF214 /* NumeracyTests.m in Sources */,
			);
			runOnlyForDeploymentPostprocessing = 0;
		};
/* End PBXSourcesBuildPhase section */

/* Begin PBXTargetDependency section */
		94334AE218C51A8A00ABF214 /* PBXTargetDependency */ = {
			isa = PBXTargetDependency;
			target = 94334AB718C51A8900ABF214 /* Numeracy */;
			targetProxy = 94334AE118C51A8A00ABF214 /* PBXContainerItemProxy */;
		};
/* End PBXTargetDependency section */

/* Begin PBXVariantGroup section */
		94334AC418C51A8900ABF214 /* InfoPlist.strings */ = {
			isa = PBXVariantGroup;
			children = (
				94334AC518C51A8900ABF214 /* en */,
			);
			name = InfoPlist.strings;
			sourceTree = "<group>";
		};
		94334AE618C51A8A00ABF214 /* InfoPlist.strings */ = {
			isa = PBXVariantGroup;
			children = (
				94334AE718C51A8A00ABF214 /* en */,
			);
			name = InfoPlist.strings;
			sourceTree = "<group>";
		};
/* End PBXVariantGroup section */

/* Begin XCBuildConfiguration section */
		94334AEB18C51A8A00ABF214 /* Debug */ = {
			isa = XCBuildConfiguration;
			buildSettings = {
				ALWAYS_SEARCH_USER_PATHS = NO;
				CLANG_CXX_LANGUAGE_STANDARD = "gnu++0x";
				CLANG_CXX_LIBRARY = "libc++";
				CLANG_ENABLE_MODULES = YES;
				CLANG_ENABLE_OBJC_ARC = YES;
				CLANG_WARN_BOOL_CONVERSION = YES;
				CLANG_WARN_CONSTANT_CONVERSION = YES;
				CLANG_WARN_DIRECT_OBJC_ISA_USAGE = YES_ERROR;
				CLANG_WARN_EMPTY_BODY = YES;
				CLANG_WARN_ENUM_CONVERSION = YES;
				CLANG_WARN_INT_CONVERSION = YES;
				CLANG_WARN_OBJC_ROOT_CLASS = YES_ERROR;
				CLANG_WARN__DUPLICATE_METHOD_MATCH = YES;
				"CODE_SIGN_IDENTITY[sdk=iphoneos*]" = "iPhone Developer";
				COPY_PHASE_STRIP = NO;
				GCC_C_LANGUAGE_STANDARD = gnu99;
				GCC_DYNAMIC_NO_PIC = NO;
				GCC_OPTIMIZATION_LEVEL = 0;
				GCC_PREPROCESSOR_DEFINITIONS = (
					"DEBUG=1",
					"$(inherited)",
				);
				GCC_SYMBOLS_PRIVATE_EXTERN = NO;
				GCC_WARN_64_TO_32_BIT_CONVERSION = YES;
				GCC_WARN_ABOUT_RETURN_TYPE = YES_ERROR;
				GCC_WARN_UNDECLARED_SELECTOR = YES;
				GCC_WARN_UNINITIALIZED_AUTOS = YES;
				GCC_WARN_UNUSED_FUNCTION = YES;
				GCC_WARN_UNUSED_VARIABLE = YES;
				IPHONEOS_DEPLOYMENT_TARGET = 5.0;
				ONLY_ACTIVE_ARCH = NO;
				SDKROOT = iphoneos;
				TARGETED_DEVICE_FAMILY = "1,2";
				VALIDATE_PRODUCT = YES;
			};
			name = Debug;
		};
		94334AEC18C51A8A00ABF214 /* Release */ = {
			isa = XCBuildConfiguration;
			buildSettings = {
				ALWAYS_SEARCH_USER_PATHS = NO;
				CLANG_CXX_LANGUAGE_STANDARD = "gnu++0x";
				CLANG_CXX_LIBRARY = "libc++";
				CLANG_ENABLE_MODULES = YES;
				CLANG_ENABLE_OBJC_ARC = YES;
				CLANG_WARN_BOOL_CONVERSION = YES;
				CLANG_WARN_CONSTANT_CONVERSION = YES;
				CLANG_WARN_DIRECT_OBJC_ISA_USAGE = YES_ERROR;
				CLANG_WARN_EMPTY_BODY = YES;
				CLANG_WARN_ENUM_CONVERSION = YES;
				CLANG_WARN_INT_CONVERSION = YES;
				CLANG_WARN_OBJC_ROOT_CLASS = YES_ERROR;
				CLANG_WARN__DUPLICATE_METHOD_MATCH = YES;
				"CODE_SIGN_IDENTITY[sdk=iphoneos*]" = "iPhone Developer";
				COPY_PHASE_STRIP = YES;
				ENABLE_NS_ASSERTIONS = NO;
				GCC_C_LANGUAGE_STANDARD = gnu99;
				GCC_WARN_64_TO_32_BIT_CONVERSION = YES;
				GCC_WARN_ABOUT_RETURN_TYPE = YES_ERROR;
				GCC_WARN_UNDECLARED_SELECTOR = YES;
				GCC_WARN_UNINITIALIZED_AUTOS = YES;
				GCC_WARN_UNUSED_FUNCTION = YES;
				GCC_WARN_UNUSED_VARIABLE = YES;
				IPHONEOS_DEPLOYMENT_TARGET = 5.0;
				ONLY_ACTIVE_ARCH = NO;
				SDKROOT = iphoneos;
				TARGETED_DEVICE_FAMILY = "1,2";
				VALIDATE_PRODUCT = YES;
			};
			name = Release;
		};
		94334AEE18C51A8A00ABF214 /* Debug */ = {
			isa = XCBuildConfiguration;
			buildSettings = {
				ASSETCATALOG_COMPILER_APPICON_NAME = AppIcon;
				ASSETCATALOG_COMPILER_LAUNCHIMAGE_NAME = LaunchImage;
				CODE_SIGN_IDENTITY = "iPhone Developer";
				GCC_PRECOMPILE_PREFIX_HEADER = YES;
				GCC_PREFIX_HEADER = "Numeracy/Numeracy-Prefix.pch";
				INFOPLIST_FILE = "Numeracy/Numeracy-Info.plist";
				IPHONEOS_DEPLOYMENT_TARGET = 6.0;
				ONLY_ACTIVE_ARCH = NO;
				PRODUCT_NAME = "$(TARGET_NAME)";
				TARGETED_DEVICE_FAMILY = "1,2";
				WRAPPER_EXTENSION = app;
			};
			name = Debug;
		};
		94334AEF18C51A8A00ABF214 /* Release */ = {
			isa = XCBuildConfiguration;
			buildSettings = {
				ASSETCATALOG_COMPILER_APPICON_NAME = AppIcon;
				ASSETCATALOG_COMPILER_LAUNCHIMAGE_NAME = LaunchImage;
				CODE_SIGN_IDENTITY = "iPhone Developer";
				GCC_PRECOMPILE_PREFIX_HEADER = YES;
				GCC_PREFIX_HEADER = "Numeracy/Numeracy-Prefix.pch";
				INFOPLIST_FILE = "Numeracy/Numeracy-Info.plist";
				IPHONEOS_DEPLOYMENT_TARGET = 6.0;
				ONLY_ACTIVE_ARCH = NO;
				PRODUCT_NAME = "$(TARGET_NAME)";
				TARGETED_DEVICE_FAMILY = "1,2";
				WRAPPER_EXTENSION = app;
			};
			name = Release;
		};
		94334AF118C51A8A00ABF214 /* Debug */ = {
			isa = XCBuildConfiguration;
			buildSettings = {
				BUNDLE_LOADER = "$(BUILT_PRODUCTS_DIR)/Numeracy.app/Numeracy";
				FRAMEWORK_SEARCH_PATHS = (
					"$(SDKROOT)/Developer/Library/Frameworks",
					"$(inherited)",
					"$(DEVELOPER_FRAMEWORKS_DIR)",
				);
				GCC_PRECOMPILE_PREFIX_HEADER = YES;
				GCC_PREFIX_HEADER = "Numeracy/Numeracy-Prefix.pch";
				GCC_PREPROCESSOR_DEFINITIONS = (
					"DEBUG=1",
					"$(inherited)",
				);
				INFOPLIST_FILE = "NumeracyTests/NumeracyTests-Info.plist";
				PRODUCT_NAME = "$(TARGET_NAME)";
				TEST_HOST = "$(BUNDLE_LOADER)";
				WRAPPER_EXTENSION = xctest;
			};
			name = Debug;
		};
		94334AF218C51A8A00ABF214 /* Release */ = {
			isa = XCBuildConfiguration;
			buildSettings = {
				BUNDLE_LOADER = "$(BUILT_PRODUCTS_DIR)/Numeracy.app/Numeracy";
				FRAMEWORK_SEARCH_PATHS = (
					"$(SDKROOT)/Developer/Library/Frameworks",
					"$(inherited)",
					"$(DEVELOPER_FRAMEWORKS_DIR)",
				);
				GCC_PRECOMPILE_PREFIX_HEADER = YES;
				GCC_PREFIX_HEADER = "Numeracy/Numeracy-Prefix.pch";
				INFOPLIST_FILE = "NumeracyTests/NumeracyTests-Info.plist";
				PRODUCT_NAME = "$(TARGET_NAME)";
				TEST_HOST = "$(BUNDLE_LOADER)";
				WRAPPER_EXTENSION = xctest;
			};
			name = Release;
		};
/* End XCBuildConfiguration section */

/* Begin XCConfigurationList section */
		94334AB318C51A8900ABF214 /* Build configuration list for PBXProject "Numeracy" */ = {
			isa = XCConfigurationList;
			buildConfigurations = (
				94334AEB18C51A8A00ABF214 /* Debug */,
				94334AEC18C51A8A00ABF214 /* Release */,
			);
			defaultConfigurationIsVisible = 0;
			defaultConfigurationName = Release;
		};
		94334AED18C51A8A00ABF214 /* Build configuration list for PBXNativeTarget "Numeracy" */ = {
			isa = XCConfigurationList;
			buildConfigurations = (
				94334AEE18C51A8A00ABF214 /* Debug */,
				94334AEF18C51A8A00ABF214 /* Release */,
			);
			defaultConfigurationIsVisible = 0;
			defaultConfigurationName = Release;
		};
		94334AF018C51A8A00ABF214 /* Build configuration list for PBXNativeTarget "NumeracyTests" */ = {
			isa = XCConfigurationList;
			buildConfigurations = (
				94334AF118C51A8A00ABF214 /* Debug */,
				94334AF218C51A8A00ABF214 /* Release */,
			);
			defaultConfigurationIsVisible = 0;
			defaultConfigurationName = Release;
		};
/* End XCConfigurationList section */
	};
	rootObject = 94334AB018C51A8900ABF214 /* Project object */;
}
